
Microsoft Visual Studio Solution File, Format Version 12.00
# Visual Studio Version 16
VisualStudioVersion = 16.0.30503.244
MinimumVisualStudioVersion = 10.0.40219.1
Project("{FAE04EC0-301F-11D3-BF4B-00C04F79EFBC}") = "Venti_PageReplacement", "Venti_PageReplacement\Venti_PageReplacement.csproj", "{58D10FB0-44CA-4A23-9F9D-FFB615E13E1E}"
EndProject
Global
	GlobalSection(SolutionConfigurationPlatforms) = preSolution
		Debug|Any CPU = Debug|Any CPU
		Release|Any CPU = Release|Any CPU
	EndGlobalSection
	GlobalSection(ProjectConfigurationPlatforms) = postSolution
		{58D10FB0-44CA-4A23-9F9D-FFB615E13E1E}.Debug|Any CPU.ActiveCfg = Debug|Any CPU
		{58D10FB0-44CA-4A23-9F9D-FFB615E13E1E}.Debug|Any CPU.Build.0 = Debug|Any CPU
		{58D10FB0-44CA-4A23-9F9D-FFB615E13E1E}.Release|Any CPU.ActiveCfg = Release|Any CPU
		{58D10FB0-44CA-4A23-9F9D-FFB615E13E1E}.Release|Any CPU.Build.0 = Release|Any CPU
	EndGlobalSection
	GlobalSection(SolutionProperties) = preSolution
		HideSolutionNode = FALSE
	EndGlobalSection
	GlobalSection(ExtensibilityGlobals) = postSolution
		SolutionGuid = {706269F9-460B-4570-883C-9593E2913EBA}
	EndGlobalSection
EndGlobal
